
Microsoft Visual Studio Solution File, Format Version 12.00
# Visual Studio Version 16
VisualStudioVersion = 16.0.32802.440
MinimumVisualStudioVersion = 10.0.40219.1
Project("{9A19103F-16F7-4668-BE54-9A1E7A4F7556}") = "tournament system", "tournament system dotnet\tournament system.csproj", "{1B4BE970-7D4E-4132-AE73-5943996145D0}"
EndProject
Global
	GlobalSection(SolutionConfigurationPlatforms) = preSolution
		Debug|Any CPU = Debug|Any CPU
		Release|Any CPU = Release|Any CPU
	EndGlobalSection
	GlobalSection(ProjectConfigurationPlatforms) = postSolution
		{1B4BE970-7D4E-4132-AE73-5943996145D0}.Debug|Any CPU.ActiveCfg = Debug|Any CPU
		{1B4BE970-7D4E-4132-AE73-5943996145D0}.Debug|Any CPU.Build.0 = Debug|Any CPU
		{1B4BE970-7D4E-4132-AE73-5943996145D0}.Release|Any CPU.ActiveCfg = Release|Any CPU
		{1B4BE970-7D4E-4132-AE73-5943996145D0}.Release|Any CPU.Build.0 = Release|Any CPU
	EndGlobalSection
	GlobalSection(SolutionProperties) = preSolution
		HideSolutionNode = FALSE
	EndGlobalSection
	GlobalSection(ExtensibilityGlobals) = postSolution
		SolutionGuid = {BA175876-006C-43DA-868A-6DE0D8B10CC2}
	EndGlobalSection
EndGlobal
